// !$*UTF8*$!
{
	archiveVersion = 1;
	classes = {
	};
	objectVersion = 50;
	objects = {

/* Begin PBXBuildFile section */
		42853F0421F91A230045E2DA /* interfejs_bariery.c in Sources */ = {isa = PBXBuildFile; fileRef = 42853EF621F91A230045E2DA /* interfejs_bariery.c */; };
		42853F0521F91A230045E2DA /* komunikacja.c in Sources */ = {isa = PBXBuildFile; fileRef = 42853EF821F91A230045E2DA /* komunikacja.c */; };
		42853F0621F91A230045E2DA /* main.c in Sources */ = {isa = PBXBuildFile; fileRef = 42853EF921F91A230045E2DA /* main.c */; };
		42853F0721F91A230045E2DA /* interfejs_ruch.c in Sources */ = {isa = PBXBuildFile; fileRef = 42853EFA21F91A230045E2DA /* interfejs_ruch.c */; };
		42853F0821F91A230045E2DA /* mechanika_grafu.c in Sources */ = {isa = PBXBuildFile; fileRef = 42853F0021F91A230045E2DA /* mechanika_grafu.c */; };
		42853F0921F91A230045E2DA /* interfejs_przygotowanie.c in Sources */ = {isa = PBXBuildFile; fileRef = 42853F0121F91A230045E2DA /* interfejs_przygotowanie.c */; };
		42853F0A21F91A230045E2DA /* fifo.c in Sources */ = {isa = PBXBuildFile; fileRef = 42853F0321F91A230045E2DA /* fifo.c */; };
		42B6C43B22122614001FE25A /* koniec.c in Sources */ = {isa = PBXBuildFile; fileRef = 42B6C43A22122614001FE25A /* koniec.c */; };
/* End PBXBuildFile section */

/* Begin PBXCopyFilesBuildPhase section */
		42CF58F821E3B5040074C509 /* CopyFiles */ = {
			isa = PBXCopyFilesBuildPhase;
			buildActionMask = 2147483647;
			dstPath = /usr/share/man/man1/;
			dstSubfolderSpec = 0;
			files = (
			);
			runOnlyForDeploymentPostprocessing = 1;
		};
/* End PBXCopyFilesBuildPhase section */

/* Begin PBXFileReference section */
		42853EF621F91A230045E2DA /* interfejs_bariery.c */ = {isa = PBXFileReference; fileEncoding = 4; lastKnownFileType = sourcecode.c.c; path = interfejs_bariery.c; sourceTree = "<group>"; };
		42853EF721F91A230045E2DA /* interfejs_ruch.h */ = {isa = PBXFileReference; fileEncoding = 4; lastKnownFileType = sourcecode.c.h; path = interfejs_ruch.h; sourceTree = "<group>"; };
		42853EF821F91A230045E2DA /* komunikacja.c */ = {isa = PBXFileReference; fileEncoding = 4; lastKnownFileType = sourcecode.c.c; path = komunikacja.c; sourceTree = "<group>"; };
		42853EF921F91A230045E2DA /* main.c */ = {isa = PBXFileReference; fileEncoding = 4; lastKnownFileType = sourcecode.c.c; path = main.c; sourceTree = "<group>"; };
		42853EFA21F91A230045E2DA /* interfejs_ruch.c */ = {isa = PBXFileReference; fileEncoding = 4; lastKnownFileType = sourcecode.c.c; path = interfejs_ruch.c; sourceTree = "<group>"; };
		42853EFC21F91A230045E2DA /* interfejs_bariery.h */ = {isa = PBXFileReference; fileEncoding = 4; lastKnownFileType = sourcecode.c.h; path = interfejs_bariery.h; sourceTree = "<group>"; };
		42853EFD21F91A230045E2DA /* mechanika_grafu.h */ = {isa = PBXFileReference; fileEncoding = 4; lastKnownFileType = sourcecode.c.h; path = mechanika_grafu.h; sourceTree = "<group>"; };
		42853EFE21F91A230045E2DA /* fifo.h */ = {isa = PBXFileReference; fileEncoding = 4; lastKnownFileType = sourcecode.c.h; path = fifo.h; sourceTree = "<group>"; };
		42853EFF21F91A230045E2DA /* interfejs_przygotowanie.h */ = {isa = PBXFileReference; fileEncoding = 4; lastKnownFileType = sourcecode.c.h; path = interfejs_przygotowanie.h; sourceTree = "<group>"; };
		42853F0021F91A230045E2DA /* mechanika_grafu.c */ = {isa = PBXFileReference; fileEncoding = 4; lastKnownFileType = sourcecode.c.c; path = mechanika_grafu.c; sourceTree = "<group>"; };
		42853F0121F91A230045E2DA /* interfejs_przygotowanie.c */ = {isa = PBXFileReference; fileEncoding = 4; lastKnownFileType = sourcecode.c.c; path = interfejs_przygotowanie.c; sourceTree = "<group>"; };
		42853F0221F91A230045E2DA /* komunikacja.h */ = {isa = PBXFileReference; fileEncoding = 4; lastKnownFileType = sourcecode.c.h; path = komunikacja.h; sourceTree = "<group>"; };
		42853F0321F91A230045E2DA /* fifo.c */ = {isa = PBXFileReference; fileEncoding = 4; lastKnownFileType = sourcecode.c.c; path = fifo.c; sourceTree = "<group>"; };
		42B6C43922122614001FE25A /* koniec.h */ = {isa = PBXFileReference; lastKnownFileType = sourcecode.c.h; path = koniec.h; sourceTree = "<group>"; };
		42B6C43A22122614001FE25A /* koniec.c */ = {isa = PBXFileReference; lastKnownFileType = sourcecode.c.c; path = koniec.c; sourceTree = "<group>"; };
		42CF58FA21E3B5040074C509 /* Quoridor */ = {isa = PBXFileReference; explicitFileType = "compiled.mach-o.executable"; includeInIndex = 0; path = Quoridor; sourceTree = BUILT_PRODUCTS_DIR; };
/* End PBXFileReference section */

/* Begin PBXFrameworksBuildPhase section */
		42CF58F721E3B5040074C509 /* Frameworks */ = {
			isa = PBXFrameworksBuildPhase;
			buildActionMask = 2147483647;
			files = (
			);
			runOnlyForDeploymentPostprocessing = 0;
		};
/* End PBXFrameworksBuildPhase section */

/* Begin PBXGroup section */
		42853F0B21F91A640045E2DA /* interfejs */ = {
			isa = PBXGroup;
			children = (
				42853EFC21F91A230045E2DA /* interfejs_bariery.h */,
				42853EF621F91A230045E2DA /* interfejs_bariery.c */,
				42853EFF21F91A230045E2DA /* interfejs_przygotowanie.h */,
				42853F0121F91A230045E2DA /* interfejs_przygotowanie.c */,
				42853EF721F91A230045E2DA /* interfejs_ruch.h */,
				42853EFA21F91A230045E2DA /* interfejs_ruch.c */,
			);
			name = interfejs;
			sourceTree = "<group>";
		};
		42853F0D21F91C5C0045E2DA /* fifo */ = {
			isa = PBXGroup;
			children = (
				42853EFE21F91A230045E2DA /* fifo.h */,
				42853F0321F91A230045E2DA /* fifo.c */,
			);
			name = fifo;
			sourceTree = "<group>";
		};
		42CF58F121E3B5040074C509 = {
			isa = PBXGroup;
			children = (
				42CF58FC21E3B5040074C509 /* Quoridor */,
				42CF58FB21E3B5040074C509 /* Products */,
			);
			sourceTree = "<group>";
		};
		42CF58FB21E3B5040074C509 /* Products */ = {
			isa = PBXGroup;
			children = (
				42CF58FA21E3B5040074C509 /* Quoridor */,
			);
			name = Products;
			sourceTree = "<group>";
		};
		42CF58FC21E3B5040074C509 /* Quoridor */ = {
			isa = PBXGroup;
			children = (
				42853F0D21F91C5C0045E2DA /* fifo */,
				42853EF921F91A230045E2DA /* main.c */,
				42853EFD21F91A230045E2DA /* mechanika_grafu.h */,
				42853F0021F91A230045E2DA /* mechanika_grafu.c */,
				42853F0221F91A230045E2DA /* komunikacja.h */,
				42853EF821F91A230045E2DA /* komunikacja.c */,
				42853F0B21F91A640045E2DA /* interfejs */,
				42B6C43922122614001FE25A /* koniec.h */,
				42B6C43A22122614001FE25A /* koniec.c */,
			);
			path = Quoridor;
			sourceTree = "<group>";
		};
/* End PBXGroup section */

/* Begin PBXNativeTarget section */
		42CF58F921E3B5040074C509 /* Quoridor */ = {
			isa = PBXNativeTarget;
			buildConfigurationList = 42CF590121E3B5040074C509 /* Build configuration list for PBXNativeTarget "Quoridor" */;
			buildPhases = (
				42CF58F621E3B5040074C509 /* Sources */,
				42CF58F721E3B5040074C509 /* Frameworks */,
				42CF58F821E3B5040074C509 /* CopyFiles */,
			);
			buildRules = (
			);
			dependencies = (
			);
			name = Quoridor;
			productName = Quoridor;
			productReference = 42CF58FA21E3B5040074C509 /* Quoridor */;
			productType = "com.apple.product-type.tool";
		};
/* End PBXNativeTarget section */

/* Begin PBXProject section */
		42CF58F221E3B5040074C509 /* Project object */ = {
			isa = PBXProject;
			attributes = {
				LastUpgradeCheck = 1010;
				ORGANIZATIONNAME = "Maksymilian Czudziak";
				TargetAttributes = {
					42CF58F921E3B5040074C509 = {
						CreatedOnToolsVersion = 10.1;
					};
				};
			};
			buildConfigurationList = 42CF58F521E3B5040074C509 /* Build configuration list for PBXProject "Quoridor" */;
			compatibilityVersion = "Xcode 9.3";
			developmentRegion = en;
			hasScannedForEncodings = 0;
			knownRegions = (
				en,
			);
			mainGroup = 42CF58F121E3B5040074C509;
			productRefGroup = 42CF58FB21E3B5040074C509 /* Products */;
			projectDirPath = "";
			projectRoot = "";
			targets = (
				42CF58F921E3B5040074C509 /* Quoridor */,
			);
		};
/* End PBXProject section */

/* Begin PBXSourcesBuildPhase section */
		42CF58F621E3B5040074C509 /* Sources */ = {
			isa = PBXSourcesBuildPhase;
			buildActionMask = 2147483647;
			files = (
				42853F0721F91A230045E2DA /* interfejs_ruch.c in Sources */,
				42853F0421F91A230045E2DA /* interfejs_bariery.c in Sources */,
				42B6C43B22122614001FE25A /* koniec.c in Sources */,
				42853F0821F91A230045E2DA /* mechanika_grafu.c in Sources */,
				42853F0A21F91A230045E2DA /* fifo.c in Sources */,
				42853F0521F91A230045E2DA /* komunikacja.c in Sources */,
				42853F0621F91A230045E2DA /* main.c in Sources */,
				42853F0921F91A230045E2DA /* interfejs_przygotowanie.c in Sources */,
			);
			runOnlyForDeploymentPostprocessing = 0;
		};
/* End PBXSourcesBuildPhase section */

/* Begin XCBuildConfiguration section */
		42CF58FF21E3B5040074C509 /* Debug */ = {
			isa = XCBuildConfiguration;
			buildSettings = {
				ALWAYS_SEARCH_USER_PATHS = NO;
				CLANG_ANALYZER_NONNULL = YES;
				CLANG_ANALYZER_NUMBER_OBJECT_CONVERSION = YES_AGGRESSIVE;
				CLANG_CXX_LANGUAGE_STANDARD = "gnu++14";
				CLANG_CXX_LIBRARY = "libc++";
				CLANG_ENABLE_MODULES = YES;
				CLANG_ENABLE_OBJC_ARC = YES;
				CLANG_ENABLE_OBJC_WEAK = YES;
				CLANG_WARN_BLOCK_CAPTURE_AUTORELEASING = YES;
				CLANG_WARN_BOOL_CONVERSION = YES;
				CLANG_WARN_COMMA = YES;
				CLANG_WARN_CONSTANT_CONVERSION = YES;
				CLANG_WARN_DEPRECATED_OBJC_IMPLEMENTATIONS = YES;
				CLANG_WARN_DIRECT_OBJC_ISA_USAGE = YES_ERROR;
				CLANG_WARN_DOCUMENTATION_COMMENTS = YES;
				CLANG_WARN_EMPTY_BODY = YES;
				CLANG_WARN_ENUM_CONVERSION = YES;
				CLANG_WARN_INFINITE_RECURSION = YES;
				CLANG_WARN_INT_CONVERSION = YES;
				CLANG_WARN_NON_LITERAL_NULL_CONVERSION = YES;
				CLANG_WARN_OBJC_IMPLICIT_RETAIN_SELF = YES;
				CLANG_WARN_OBJC_LITERAL_CONVERSION = YES;
				CLANG_WARN_OBJC_ROOT_CLASS = YES_ERROR;
				CLANG_WARN_RANGE_LOOP_ANALYSIS = YES;
				CLANG_WARN_STRICT_PROTOTYPES = YES;
				CLANG_WARN_SUSPICIOUS_MOVE = YES;
				CLANG_WARN_UNGUARDED_AVAILABILITY = YES_AGGRESSIVE;
				CLANG_WARN_UNREACHABLE_CODE = YES;
				CLANG_WARN__DUPLICATE_METHOD_MATCH = YES;
				CODE_SIGN_IDENTITY = "-";
				COPY_PHASE_STRIP = NO;
				DEBUG_INFORMATION_FORMAT = dwarf;
				ENABLE_STRICT_OBJC_MSGSEND = YES;
				ENABLE_TESTABILITY = YES;
				GCC_C_LANGUAGE_STANDARD = gnu11;
				GCC_DYNAMIC_NO_PIC = NO;
				GCC_NO_COMMON_BLOCKS = YES;
				GCC_OPTIMIZATION_LEVEL = 0;
				GCC_PREPROCESSOR_DEFINITIONS = (
					"DEBUG=1",
					"$(inherited)",
				);
				GCC_WARN_64_TO_32_BIT_CONVERSION = YES;
				GCC_WARN_ABOUT_RETURN_TYPE = YES_ERROR;
				GCC_WARN_UNDECLARED_SELECTOR = YES;
				GCC_WARN_UNINITIALIZED_AUTOS = YES_AGGRESSIVE;
				GCC_WARN_UNUSED_FUNCTION = YES;
				GCC_WARN_UNUSED_VARIABLE = YES;
				MACOSX_DEPLOYMENT_TARGET = 10.14;
				MTL_ENABLE_DEBUG_INFO = INCLUDE_SOURCE;
				MTL_FAST_MATH = YES;
				ONLY_ACTIVE_ARCH = YES;
				SDKROOT = macosx;
			};
			name = Debug;
		};
		42CF590021E3B5040074C509 /* Release */ = {
			isa = XCBuildConfiguration;
			buildSettings = {
				ALWAYS_SEARCH_USER_PATHS = NO;
				CLANG_ANALYZER_NONNULL = YES;
				CLANG_ANALYZER_NUMBER_OBJECT_CONVERSION = YES_AGGRESSIVE;
				CLANG_CXX_LANGUAGE_STANDARD = "gnu++14";
				CLANG_CXX_LIBRARY = "libc++";
				CLANG_ENABLE_MODULES = YES;
				CLANG_ENABLE_OBJC_ARC = YES;
				CLANG_ENABLE_OBJC_WEAK = YES;
				CLANG_WARN_BLOCK_CAPTURE_AUTORELEASING = YES;
				CLANG_WARN_BOOL_CONVERSION = YES;
				CLANG_WARN_COMMA = YES;
				CLANG_WARN_CONSTANT_CONVERSION = YES;
				CLANG_WARN_DEPRECATED_OBJC_IMPLEMENTATIONS = YES;
				CLANG_WARN_DIRECT_OBJC_ISA_USAGE = YES_ERROR;
				CLANG_WARN_DOCUMENTATION_COMMENTS = YES;
				CLANG_WARN_EMPTY_BODY = YES;
				CLANG_WARN_ENUM_CONVERSION = YES;
				CLANG_WARN_INFINITE_RECURSION = YES;
				CLANG_WARN_INT_CONVERSION = YES;
				CLANG_WARN_NON_LITERAL_NULL_CONVERSION = YES;
				CLANG_WARN_OBJC_IMPLICIT_RETAIN_SELF = YES;
				CLANG_WARN_OBJC_LITERAL_CONVERSION = YES;
				CLANG_WARN_OBJC_ROOT_CLASS = YES_ERROR;
				CLANG_WARN_RANGE_LOOP_ANALYSIS = YES;
				CLANG_WARN_STRICT_PROTOTYPES = YES;
				CLANG_WARN_SUSPICIOUS_MOVE = YES;
				CLANG_WARN_UNGUARDED_AVAILABILITY = YES_AGGRESSIVE;
				CLANG_WARN_UNREACHABLE_CODE = YES;
				CLANG_WARN__DUPLICATE_METHOD_MATCH = YES;
				CODE_SIGN_IDENTITY = "-";
				COPY_PHASE_STRIP = NO;
				DEBUG_INFORMATION_FORMAT = "dwarf-with-dsym";
				ENABLE_NS_ASSERTIONS = NO;
				ENABLE_STRICT_OBJC_MSGSEND = YES;
				GCC_C_LANGUAGE_STANDARD = gnu11;
				GCC_NO_COMMON_BLOCKS = YES;
				GCC_WARN_64_TO_32_BIT_CONVERSION = YES;
				GCC_WARN_ABOUT_RETURN_TYPE = YES_ERROR;
				GCC_WARN_UNDECLARED_SELECTOR = YES;
				GCC_WARN_UNINITIALIZED_AUTOS = YES_AGGRESSIVE;
				GCC_WARN_UNUSED_FUNCTION = YES;
				GCC_WARN_UNUSED_VARIABLE = YES;
				MACOSX_DEPLOYMENT_TARGET = 10.14;
				MTL_ENABLE_DEBUG_INFO = NO;
				MTL_FAST_MATH = YES;
				SDKROOT = macosx;
			};
			name = Release;
		};
		42CF590221E3B5040074C509 /* Debug */ = {
			isa = XCBuildConfiguration;
			buildSettings = {
				CLANG_WARN_DOCUMENTATION_COMMENTS = NO;
				CODE_SIGN_STYLE = Automatic;
				GCC_C_LANGUAGE_STANDARD = c11;
				HEADER_SEARCH_PATHS = (
					"/usr/local/Cellar/gtk+3/3.24.2_1/include/gtk-3.0/gtk",
					"/usr/local/Cellar/gtk+3/3.24.2_1/include/gtk-3.0",
					"/usr/local/Cellar/gtk+3/3.24.2_1/include",
				);
				LIBRARY_SEARCH_PATHS = (
					"/usr/local/Cellar/gtk+3/3.24.2_1/include/gtk-3.0",
					"/usr/local/Cellar/gtk+3/3.24.2_1/include/gtk-3.0/gtk",
				);
				OTHER_CFLAGS = (
					"-std=c11",
					"-Wall",
					"-Wno-unused-parameter",
					"-D_REENTRANT",
					"-I/usr/local/Cellar/gtk+3/3.24.2_1/include/gtk-3.0",
					"-I/usr/local/Cellar/glib/2.58.2/include/gio-unix-2.0/",
					"-I/usr/local/Cellar/cairo/1.16.0/include/cairo",
					"-I/usr/local/Cellar/libepoxy/1.5.3/include",
					"-I/usr/local/Cellar/pango/1.42.4/include/pango-1.0",
					"-I/usr/local/Cellar/harfbuzz/2.3.0/include/harfbuzz",
					"-I/usr/local/Cellar/graphite2/1.3.13/include",
					"-I/usr/local/Cellar/pango/1.42.4/include/pango-1.0",
					"-I/usr/local/Cellar/fribidi/1.0.5/include/fribidi",
					"-I/usr/local/Cellar/atk/2.30.0/include/atk-1.0",
					"-I/usr/local/Cellar/cairo/1.16.0/include/cairo",
					"-I/usr/local/Cellar/pixman/0.36.0/include/pixman-1",
					"-I/usr/local/Cellar/fontconfig/2.13.1/include",
					"-I/usr/local/opt/freetype/include/freetype2",
					"-I/usr/local/Cellar/libpng/1.6.36/include/libpng16",
					"-I/usr/local/Cellar/gdk-pixbuf/2.38.0/include/gdk-pixbuf-2.0",
					"-I/usr/local/Cellar/glib/2.58.2/include/glib-2.0",
					"-I/usr/local/Cellar/glib/2.58.2/lib/glib-2.0/include",
					"-I/usr/local/opt/gettext/include",
					"-I/usr/local/Cellar/pcre/8.42/include",
				);
				OTHER_LDFLAGS = (
					"-L/usr/local/Cellar/gtk+3/3.24.2_1/lib",
					"-L/usr/local/Cellar/pango/1.42.4/lib",
					"-L/usr/local/Cellar/atk/2.30.0/lib",
					"-L/usr/local/Cellar/cairo/1.16.0/lib",
					"-L/usr/local/Cellar/gdk-pixbuf/2.38.0/lib",
					"-L/usr/local/Cellar/glib/2.58.2/lib",
					"-L/usr/local/opt/gettext/lib",
					"-lgtk-3",
					"-lgdk-3",
					"-lpangocairo-1.0",
					"-lpango-1.0",
					"-latk-1.0",
					"-lcairo-gobject",
					"-lcairo",
					"-lgdk_pixbuf-2.0",
					"-lgio-2.0",
					"-lgobject-2.0",
					"-lglib-2.0",
					"-lintl",
					"-Wl,-framework",
					"-Wl,CoreFoundation",
				);
				PRODUCT_NAME = "$(TARGET_NAME)";
			};
			name = Debug;
		};
		42CF590321E3B5040074C509 /* Release */ = {
			isa = XCBuildConfiguration;
			buildSettings = {
				CLANG_WARN_DOCUMENTATION_COMMENTS = NO;
				CODE_SIGN_STYLE = Automatic;
				GCC_C_LANGUAGE_STANDARD = c11;
				HEADER_SEARCH_PATHS = (
					"/usr/local/Cellar/gtk+3/3.24.2_1/include/gtk-3.0/gtk",
					"/usr/local/Cellar/gtk+3/3.24.2_1/include/gtk-3.0",
					"/usr/local/Cellar/gtk+3/3.24.2_1/include",
				);
				LIBRARY_SEARCH_PATHS = (
					"/usr/local/Cellar/gtk+3/3.24.2_1/include/gtk-3.0",
					"/usr/local/Cellar/gtk+3/3.24.2_1/include/gtk-3.0/gtk",
				);
				OTHER_CFLAGS = (
					"-std=c11",
					"-Wall",
					"-Wno-unused-parameter",
					"-D_REENTRANT",
					"-I/usr/local/Cellar/gtk+3/3.24.2_1/include/gtk-3.0",
					"-I/usr/local/Cellar/glib/2.58.2/include/gio-unix-2.0/",
					"-I/usr/local/Cellar/cairo/1.16.0/include/cairo",
					"-I/usr/local/Cellar/libepoxy/1.5.3/include",
					"-I/usr/local/Cellar/pango/1.42.4/include/pango-1.0",
					"-I/usr/local/Cellar/harfbuzz/2.3.0/include/harfbuzz",
					"-I/usr/local/Cellar/graphite2/1.3.13/include",
					"-I/usr/local/Cellar/pango/1.42.4/include/pango-1.0",
					"-I/usr/local/Cellar/fribidi/1.0.5/include/fribidi",
					"-I/usr/local/Cellar/atk/2.30.0/include/atk-1.0",
					"-I/usr/local/Cellar/cairo/1.16.0/include/cairo",
					"-I/usr/local/Cellar/pixman/0.36.0/include/pixman-1",
					"-I/usr/local/Cellar/fontconfig/2.13.1/include",
					"-I/usr/local/opt/freetype/include/freetype2",
					"-I/usr/local/Cellar/libpng/1.6.36/include/libpng16",
					"-I/usr/local/Cellar/gdk-pixbuf/2.38.0/include/gdk-pixbuf-2.0",
					"-I/usr/local/Cellar/glib/2.58.2/include/glib-2.0",
					"-I/usr/local/Cellar/glib/2.58.2/lib/glib-2.0/include",
					"-I/usr/local/opt/gettext/include",
					"-I/usr/local/Cellar/pcre/8.42/include",
				);
				OTHER_LDFLAGS = (
					"-L/usr/local/Cellar/gtk+3/3.24.2_1/lib",
					"-L/usr/local/Cellar/pango/1.42.4/lib",
					"-L/usr/local/Cellar/atk/2.30.0/lib",
					"-L/usr/local/Cellar/cairo/1.16.0/lib",
					"-L/usr/local/Cellar/gdk-pixbuf/2.38.0/lib",
					"-L/usr/local/Cellar/glib/2.58.2/lib",
					"-L/usr/local/opt/gettext/lib",
					"-lgtk-3",
					"-lgdk-3",
					"-lpangocairo-1.0",
					"-lpango-1.0",
					"-latk-1.0",
					"-lcairo-gobject",
					"-lcairo",
					"-lgdk_pixbuf-2.0",
					"-lgio-2.0",
					"-lgobject-2.0",
					"-lglib-2.0",
					"-lintl",
					"-Wl,-framework",
					"-Wl,CoreFoundation",
				);
				PRODUCT_NAME = "$(TARGET_NAME)";
			};
			name = Release;
		};
/* End XCBuildConfiguration section */

/* Begin XCConfigurationList section */
		42CF58F521E3B5040074C509 /* Build configuration list for PBXProject "Quoridor" */ = {
			isa = XCConfigurationList;
			buildConfigurations = (
				42CF58FF21E3B5040074C509 /* Debug */,
				42CF590021E3B5040074C509 /* Release */,
			);
			defaultConfigurationIsVisible = 0;
			defaultConfigurationName = Release;
		};
		42CF590121E3B5040074C509 /* Build configuration list for PBXNativeTarget "Quoridor" */ = {
			isa = XCConfigurationList;
			buildConfigurations = (
				42CF590221E3B5040074C509 /* Debug */,
				42CF590321E3B5040074C509 /* Release */,
			);
			defaultConfigurationIsVisible = 0;
			defaultConfigurationName = Release;
		};
/* End XCConfigurationList section */
	};
	rootObject = 42CF58F221E3B5040074C509 /* Project object */;
}
